// !$*UTF8*$!
{
	archiveVersion = 1;
	classes = {
	};
	objectVersion = 48;
	objects = {

/* Begin PBXBuildFile section */
		6BD26D998D0D83CEF7857773 /* libPods-Hitch.a in Frameworks */ = {isa = PBXBuildFile; fileRef = 7066B3A24DD0F49CC780EAEA /* libPods-Hitch.a */; };
		AD6CC8B51F42559700FA1E54 /* share.png in Resources */ = {isa = PBXBuildFile; fileRef = AD6CC8B31F42527E00FA1E54 /* share.png */; };
		AD6CC8B61F42559700FA1E54 /* map.png in Resources */ = {isa = PBXBuildFile; fileRef = AD6CC8B41F42528400FA1E54 /* map.png */; };
		AD6CC8B71F42559700FA1E54 /* trash.png in Resources */ = {isa = PBXBuildFile; fileRef = AD6CC8B21F42527200FA1E54 /* trash.png */; };
		AD6CC8B81F42559700FA1E54 /* minus.png in Resources */ = {isa = PBXBuildFile; fileRef = AD6CC8B11F42526800FA1E54 /* minus.png */; };
		AD6CC8B91F42559700FA1E54 /* success.png in Resources */ = {isa = PBXBuildFile; fileRef = AD6CC8B01F42525E00FA1E54 /* success.png */; };
		AD6CC8BA1F42559700FA1E54 /* failure.png in Resources */ = {isa = PBXBuildFile; fileRef = AD6CC8AF1F42525400FA1E54 /* failure.png */; };
		AD6CC8BC1F425C1B00FA1E54 /* refresh.png in Resources */ = {isa = PBXBuildFile; fileRef = AD6CC8BB1F425AA400FA1E54 /* refresh.png */; };
		AD96B92F1F37F008008131BF /* AppDelegate.m in Sources */ = {isa = PBXBuildFile; fileRef = AD96B92E1F37F008008131BF /* AppDelegate.m */; };
		AD96B9351F37F008008131BF /* Main.storyboard in Resources */ = {isa = PBXBuildFile; fileRef = AD96B9331F37F008008131BF /* Main.storyboard */; };
		AD96B9371F37F008008131BF /* Assets.xcassets in Resources */ = {isa = PBXBuildFile; fileRef = AD96B9361F37F008008131BF /* Assets.xcassets */; };
		AD96B93A1F37F008008131BF /* LaunchScreen.storyboard in Resources */ = {isa = PBXBuildFile; fileRef = AD96B9381F37F008008131BF /* LaunchScreen.storyboard */; };
		AD96B93D1F37F008008131BF /* main.m in Sources */ = {isa = PBXBuildFile; fileRef = AD96B93C1F37F008008131BF /* main.m */; };
		AD96B9451F37F04D008131BF /* feedView.m in Sources */ = {isa = PBXBuildFile; fileRef = AD96B9441F37F04D008131BF /* feedView.m */; };
		AD96B94C1F37F210008131BF /* feedCell.m in Sources */ = {isa = PBXBuildFile; fileRef = AD96B94A1F37F210008131BF /* feedCell.m */; };
		AD96B94D1F37F210008131BF /* feedCell.xib in Resources */ = {isa = PBXBuildFile; fileRef = AD96B94B1F37F210008131BF /* feedCell.xib */; };
		AD96B94F1F37F47A008131BF /* feedView.h in Resources */ = {isa = PBXBuildFile; fileRef = AD96B9431F37F04D008131BF /* feedView.h */; };
		AD99BF481F4B417E007F4297 /* transactionObject.m in Sources */ = {isa = PBXBuildFile; fileRef = AD99BF471F4B417E007F4297 /* transactionObject.m */; };
		AD99BF4C1F4B465A007F4297 /* transactionCell.m in Sources */ = {isa = PBXBuildFile; fileRef = AD99BF4A1F4B465A007F4297 /* transactionCell.m */; };
		AD99BF4D1F4B465A007F4297 /* transactionCell.xib in Resources */ = {isa = PBXBuildFile; fileRef = AD99BF4B1F4B465A007F4297 /* transactionCell.xib */; };
		ADC335381F393E260080642C /* rideView.m in Sources */ = {isa = PBXBuildFile; fileRef = ADC335371F393E260080642C /* rideView.m */; };
		ADC3353A1F3A17E30080642C /* user.jpg in Resources */ = {isa = PBXBuildFile; fileRef = ADC335391F3A17D90080642C /* user.jpg */; };
		ADC3353D1F3A61770080642C /* startView.m in Sources */ = {isa = PBXBuildFile; fileRef = ADC3353C1F3A61770080642C /* startView.m */; };
		ADD37EFA1F38BCF900285F63 /* References.m in Sources */ = {isa = PBXBuildFile; fileRef = ADD37EF91F38BCF900285F63 /* References.m */; };
		ADD37EFB1F38BFB800285F63 /* chevron-right.png in Resources */ = {isa = PBXBuildFile; fileRef = AD96B94E1F37F29B008131BF /* chevron-right.png */; };
		ADD37EFE1F38D05400285F63 /* MapKit.framework in Frameworks */ = {isa = PBXBuildFile; fileRef = ADD37EFD1F38D05400285F63 /* MapKit.framework */; };
		ADD37F011F38D06D00285F63 /* CloudKit.framework in Frameworks */ = {isa = PBXBuildFile; fileRef = ADD37F001F38D06D00285F63 /* CloudKit.framework */; };
		ADD37F031F38D0A400285F63 /* CoreLocation.framework in Frameworks */ = {isa = PBXBuildFile; fileRef = ADD37F021F38D0A400285F63 /* CoreLocation.framework */; };
		ADD37F061F38D0CE00285F63 /* postView.m in Sources */ = {isa = PBXBuildFile; fileRef = ADD37F051F38D0CE00285F63 /* postView.m */; };
		ADD37F091F39237F00285F63 /* rideObject.m in Sources */ = {isa = PBXBuildFile; fileRef = ADD37F081F39237F00285F63 /* rideObject.m */; };
		ADDCC6791F3CCBD70056C00F /* MobileCoreServices.framework in Frameworks */ = {isa = PBXBuildFile; fileRef = ADDCC6781F3CCBD70056C00F /* MobileCoreServices.framework */; };
		ADDCC67D1F3CE75D0056C00F /* messageCell.m in Sources */ = {isa = PBXBuildFile; fileRef = ADDCC67B1F3CE75D0056C00F /* messageCell.m */; };
		ADDCC67E1F3CE75D0056C00F /* messageCell.xib in Resources */ = {isa = PBXBuildFile; fileRef = ADDCC67C1F3CE75D0056C00F /* messageCell.xib */; };
		ADDCC6801F3CFB3F0056C00F /* phone.png in Resources */ = {isa = PBXBuildFile; fileRef = ADDCC67F1F3CFA430056C00F /* phone.png */; };
		ADE750691F3B6044001556AB /* inboxView.m in Sources */ = {isa = PBXBuildFile; fileRef = ADE750681F3B6044001556AB /* inboxView.m */; };
		ADE7506D1F3B6E93001556AB /* driveRequestsCell.m in Sources */ = {isa = PBXBuildFile; fileRef = ADE7506B1F3B6E93001556AB /* driveRequestsCell.m */; };
		ADE7506E1F3B6E93001556AB /* driveRequestsCell.xib in Resources */ = {isa = PBXBuildFile; fileRef = ADE7506C1F3B6E93001556AB /* driveRequestsCell.xib */; };
		ADE750701F3B72D7001556AB /* add.png in Resources */ = {isa = PBXBuildFile; fileRef = ADE7506F1F3B7096001556AB /* add.png */; };
		ADE8FBB81F435667000D20F9 /* PassKit.framework in Frameworks */ = {isa = PBXBuildFile; fileRef = ADE8FBB71F435667000D20F9 /* PassKit.framework */; };
		ADE8FBBA1F435906000D20F9 /* Podfile in Resources */ = {isa = PBXBuildFile; fileRef = ADE8FBB91F435906000D20F9 /* Podfile */; };
		ADF77D031F476974003DC39F /* historyView.m in Sources */ = {isa = PBXBuildFile; fileRef = ADF77D021F476974003DC39F /* historyView.m */; };
/* End PBXBuildFile section */

/* Begin PBXFileReference section */
		440C3CFEDCE86FC396D07452 /* Pods-Hitch.debug.xcconfig */ = {isa = PBXFileReference; includeInIndex = 1; lastKnownFileType = text.xcconfig; name = "Pods-Hitch.debug.xcconfig"; path = "Pods/Target Support Files/Pods-Hitch/Pods-Hitch.debug.xcconfig"; sourceTree = "<group>"; };
		7066B3A24DD0F49CC780EAEA /* libPods-Hitch.a */ = {isa = PBXFileReference; explicitFileType = archive.ar; includeInIndex = 0; path = "libPods-Hitch.a"; sourceTree = BUILT_PRODUCTS_DIR; };
		AD6CC8AF1F42525400FA1E54 /* failure.png */ = {isa = PBXFileReference; lastKnownFileType = image.png; path = failure.png; sourceTree = "<group>"; };
		AD6CC8B01F42525E00FA1E54 /* success.png */ = {isa = PBXFileReference; lastKnownFileType = image.png; path = success.png; sourceTree = "<group>"; };
		AD6CC8B11F42526800FA1E54 /* minus.png */ = {isa = PBXFileReference; lastKnownFileType = image.png; path = minus.png; sourceTree = "<group>"; };
		AD6CC8B21F42527200FA1E54 /* trash.png */ = {isa = PBXFileReference; lastKnownFileType = image.png; path = trash.png; sourceTree = "<group>"; };
		AD6CC8B31F42527E00FA1E54 /* share.png */ = {isa = PBXFileReference; lastKnownFileType = image.png; path = share.png; sourceTree = "<group>"; };
		AD6CC8B41F42528400FA1E54 /* map.png */ = {isa = PBXFileReference; lastKnownFileType = image.png; path = map.png; sourceTree = "<group>"; };
		AD6CC8BB1F425AA400FA1E54 /* refresh.png */ = {isa = PBXFileReference; lastKnownFileType = image.png; path = refresh.png; sourceTree = "<group>"; };
		AD96B92A1F37F008008131BF /* Hitch.app */ = {isa = PBXFileReference; explicitFileType = wrapper.application; includeInIndex = 0; path = Hitch.app; sourceTree = BUILT_PRODUCTS_DIR; };
		AD96B92D1F37F008008131BF /* AppDelegate.h */ = {isa = PBXFileReference; lastKnownFileType = sourcecode.c.h; path = AppDelegate.h; sourceTree = "<group>"; };
		AD96B92E1F37F008008131BF /* AppDelegate.m */ = {isa = PBXFileReference; lastKnownFileType = sourcecode.c.objc; path = AppDelegate.m; sourceTree = "<group>"; };
		AD96B9341F37F008008131BF /* Base */ = {isa = PBXFileReference; lastKnownFileType = file.storyboard; name = Base; path = Base.lproj/Main.storyboard; sourceTree = "<group>"; };
		AD96B9361F37F008008131BF /* Assets.xcassets */ = {isa = PBXFileReference; lastKnownFileType = folder.assetcatalog; path = Assets.xcassets; sourceTree = "<group>"; };
		AD96B9391F37F008008131BF /* Base */ = {isa = PBXFileReference; lastKnownFileType = file.storyboard; name = Base; path = Base.lproj/LaunchScreen.storyboard; sourceTree = "<group>"; };
		AD96B93B1F37F008008131BF /* Info.plist */ = {isa = PBXFileReference; lastKnownFileType = text.plist.xml; path = Info.plist; sourceTree = "<group>"; };
		AD96B93C1F37F008008131BF /* main.m */ = {isa = PBXFileReference; lastKnownFileType = sourcecode.c.objc; path = main.m; sourceTree = "<group>"; };
		AD96B9431F37F04D008131BF /* feedView.h */ = {isa = PBXFileReference; lastKnownFileType = sourcecode.c.h; path = feedView.h; sourceTree = "<group>"; };
		AD96B9441F37F04D008131BF /* feedView.m */ = {isa = PBXFileReference; lastKnownFileType = sourcecode.c.objc; path = feedView.m; sourceTree = "<group>"; };
		AD96B9491F37F210008131BF /* feedCell.h */ = {isa = PBXFileReference; lastKnownFileType = sourcecode.c.h; path = feedCell.h; sourceTree = "<group>"; };
		AD96B94A1F37F210008131BF /* feedCell.m */ = {isa = PBXFileReference; lastKnownFileType = sourcecode.c.objc; path = feedCell.m; sourceTree = "<group>"; };
		AD96B94B1F37F210008131BF /* feedCell.xib */ = {isa = PBXFileReference; lastKnownFileType = file.xib; path = feedCell.xib; sourceTree = "<group>"; };
		AD96B94E1F37F29B008131BF /* chevron-right.png */ = {isa = PBXFileReference; lastKnownFileType = image.png; path = "chevron-right.png"; sourceTree = "<group>"; };
		AD99BF461F4B417E007F4297 /* transactionObject.h */ = {isa = PBXFileReference; lastKnownFileType = sourcecode.c.h; path = transactionObject.h; sourceTree = "<group>"; };
		AD99BF471F4B417E007F4297 /* transactionObject.m */ = {isa = PBXFileReference; lastKnownFileType = sourcecode.c.objc; path = transactionObject.m; sourceTree = "<group>"; };
		AD99BF491F4B465A007F4297 /* transactionCell.h */ = {isa = PBXFileReference; lastKnownFileType = sourcecode.c.h; path = transactionCell.h; sourceTree = "<group>"; };
		AD99BF4A1F4B465A007F4297 /* transactionCell.m */ = {isa = PBXFileReference; lastKnownFileType = sourcecode.c.objc; path = transactionCell.m; sourceTree = "<group>"; };
		AD99BF4B1F4B465A007F4297 /* transactionCell.xib */ = {isa = PBXFileReference; lastKnownFileType = file.xib; path = transactionCell.xib; sourceTree = "<group>"; };
		ADC335361F393E260080642C /* rideView.h */ = {isa = PBXFileReference; lastKnownFileType = sourcecode.c.h; path = rideView.h; sourceTree = "<group>"; };
		ADC335371F393E260080642C /* rideView.m */ = {isa = PBXFileReference; lastKnownFileType = sourcecode.c.objc; path = rideView.m; sourceTree = "<group>"; };
		ADC335391F3A17D90080642C /* user.jpg */ = {isa = PBXFileReference; lastKnownFileType = image.jpeg; path = user.jpg; sourceTree = "<group>"; };
		ADC3353B1F3A61770080642C /* startView.h */ = {isa = PBXFileReference; lastKnownFileType = sourcecode.c.h; path = startView.h; sourceTree = "<group>"; };
		ADC3353C1F3A61770080642C /* startView.m */ = {isa = PBXFileReference; lastKnownFileType = sourcecode.c.objc; path = startView.m; sourceTree = "<group>"; };
		ADD37EF81F38BCF900285F63 /* References.h */ = {isa = PBXFileReference; lastKnownFileType = sourcecode.c.h; path = References.h; sourceTree = "<group>"; };
		ADD37EF91F38BCF900285F63 /* References.m */ = {isa = PBXFileReference; lastKnownFileType = sourcecode.c.objc; path = References.m; sourceTree = "<group>"; };
		ADD37EFD1F38D05400285F63 /* MapKit.framework */ = {isa = PBXFileReference; lastKnownFileType = wrapper.framework; name = MapKit.framework; path = System/Library/Frameworks/MapKit.framework; sourceTree = SDKROOT; };
		ADD37EFF1F38D06100285F63 /* Hitch.entitlements */ = {isa = PBXFileReference; lastKnownFileType = text.plist.entitlements; path = Hitch.entitlements; sourceTree = "<group>"; };
		ADD37F001F38D06D00285F63 /* CloudKit.framework */ = {isa = PBXFileReference; lastKnownFileType = wrapper.framework; name = CloudKit.framework; path = System/Library/Frameworks/CloudKit.framework; sourceTree = SDKROOT; };
		ADD37F021F38D0A400285F63 /* CoreLocation.framework */ = {isa = PBXFileReference; lastKnownFileType = wrapper.framework; name = CoreLocation.framework; path = System/Library/Frameworks/CoreLocation.framework; sourceTree = SDKROOT; };
		ADD37F041F38D0CE00285F63 /* postView.h */ = {isa = PBXFileReference; lastKnownFileType = sourcecode.c.h; path = postView.h; sourceTree = "<group>"; };
		ADD37F051F38D0CE00285F63 /* postView.m */ = {isa = PBXFileReference; lastKnownFileType = sourcecode.c.objc; path = postView.m; sourceTree = "<group>"; };
		ADD37F071F39237F00285F63 /* rideObject.h */ = {isa = PBXFileReference; lastKnownFileType = sourcecode.c.h; path = rideObject.h; sourceTree = "<group>"; };
		ADD37F081F39237F00285F63 /* rideObject.m */ = {isa = PBXFileReference; lastKnownFileType = sourcecode.c.objc; path = rideObject.m; sourceTree = "<group>"; };
		ADDCC6781F3CCBD70056C00F /* MobileCoreServices.framework */ = {isa = PBXFileReference; lastKnownFileType = wrapper.framework; name = MobileCoreServices.framework; path = System/Library/Frameworks/MobileCoreServices.framework; sourceTree = SDKROOT; };
		ADDCC67A1F3CE75D0056C00F /* messageCell.h */ = {isa = PBXFileReference; lastKnownFileType = sourcecode.c.h; path = messageCell.h; sourceTree = "<group>"; };
		ADDCC67B1F3CE75D0056C00F /* messageCell.m */ = {isa = PBXFileReference; lastKnownFileType = sourcecode.c.objc; path = messageCell.m; sourceTree = "<group>"; };
		ADDCC67C1F3CE75D0056C00F /* messageCell.xib */ = {isa = PBXFileReference; lastKnownFileType = file.xib; path = messageCell.xib; sourceTree = "<group>"; };
		ADDCC67F1F3CFA430056C00F /* phone.png */ = {isa = PBXFileReference; lastKnownFileType = image.png; path = phone.png; sourceTree = "<group>"; };
		ADE750671F3B6044001556AB /* inboxView.h */ = {isa = PBXFileReference; lastKnownFileType = sourcecode.c.h; path = inboxView.h; sourceTree = "<group>"; };
		ADE750681F3B6044001556AB /* inboxView.m */ = {isa = PBXFileReference; lastKnownFileType = sourcecode.c.objc; path = inboxView.m; sourceTree = "<group>"; };
		ADE7506A1F3B6E93001556AB /* driveRequestsCell.h */ = {isa = PBXFileReference; lastKnownFileType = sourcecode.c.h; path = driveRequestsCell.h; sourceTree = "<group>"; };
		ADE7506B1F3B6E93001556AB /* driveRequestsCell.m */ = {isa = PBXFileReference; lastKnownFileType = sourcecode.c.objc; path = driveRequestsCell.m; sourceTree = "<group>"; };
		ADE7506C1F3B6E93001556AB /* driveRequestsCell.xib */ = {isa = PBXFileReference; lastKnownFileType = file.xib; path = driveRequestsCell.xib; sourceTree = "<group>"; };
		ADE7506F1F3B7096001556AB /* add.png */ = {isa = PBXFileReference; lastKnownFileType = image.png; path = add.png; sourceTree = "<group>"; };
		ADE8FBB71F435667000D20F9 /* PassKit.framework */ = {isa = PBXFileReference; lastKnownFileType = wrapper.framework; name = PassKit.framework; path = System/Library/Frameworks/PassKit.framework; sourceTree = SDKROOT; };
		ADE8FBB91F435906000D20F9 /* Podfile */ = {isa = PBXFileReference; fileEncoding = 4; lastKnownFileType = text; path = Podfile; sourceTree = SOURCE_ROOT; xcLanguageSpecificationIdentifier = xcode.lang.ruby; };
		ADF77D011F476974003DC39F /* historyView.h */ = {isa = PBXFileReference; lastKnownFileType = sourcecode.c.h; path = historyView.h; sourceTree = "<group>"; };
		ADF77D021F476974003DC39F /* historyView.m */ = {isa = PBXFileReference; lastKnownFileType = sourcecode.c.objc; path = historyView.m; sourceTree = "<group>"; };
		D432027F1F466AD200F81B89 /* NSData+Base64.h */ = {isa = PBXFileReference; lastKnownFileType = sourcecode.c.h; path = "NSData+Base64.h"; sourceTree = "<group>"; };
		D43202801F466AD200F81B89 /* NSData+Base64.m */ = {isa = PBXFileReference; lastKnownFileType = sourcecode.c.objc; path = "NSData+Base64.m"; sourceTree = "<group>"; };
		D43202811F466AD200F81B89 /* FBEncryptorAES.h */ = {isa = PBXFileReference; lastKnownFileType = sourcecode.c.h; path = FBEncryptorAES.h; sourceTree = "<group>"; };
		D43202821F466AD200F81B89 /* FBEncryptorAES.m */ = {isa = PBXFileReference; lastKnownFileType = sourcecode.c.objc; path = FBEncryptorAES.m; sourceTree = "<group>"; };
		FE5E04B2759573621EBE3E8F /* Pods-Hitch.release.xcconfig */ = {isa = PBXFileReference; includeInIndex = 1; lastKnownFileType = text.xcconfig; name = "Pods-Hitch.release.xcconfig"; path = "Pods/Target Support Files/Pods-Hitch/Pods-Hitch.release.xcconfig"; sourceTree = "<group>"; };
/* End PBXFileReference section */

/* Begin PBXFrameworksBuildPhase section */
		AD96B9271F37F008008131BF /* Frameworks */ = {
			isa = PBXFrameworksBuildPhase;
			buildActionMask = 2147483647;
			files = (
				ADE8FBB81F435667000D20F9 /* PassKit.framework in Frameworks */,
				ADDCC6791F3CCBD70056C00F /* MobileCoreServices.framework in Frameworks */,
				ADD37F011F38D06D00285F63 /* CloudKit.framework in Frameworks */,
				ADD37F031F38D0A400285F63 /* CoreLocation.framework in Frameworks */,
				ADD37EFE1F38D05400285F63 /* MapKit.framework in Frameworks */,
				6BD26D998D0D83CEF7857773 /* libPods-Hitch.a in Frameworks */,
			);
			runOnlyForDeploymentPostprocessing = 0;
		};
/* End PBXFrameworksBuildPhase section */

/* Begin PBXGroup section */
		A5589B26C10355EAD46093C4 /* Pods */ = {
			isa = PBXGroup;
			children = (
				440C3CFEDCE86FC396D07452 /* Pods-Hitch.debug.xcconfig */,
				FE5E04B2759573621EBE3E8F /* Pods-Hitch.release.xcconfig */,
			);
			name = Pods;
			sourceTree = "<group>";
		};
		AD96B9211F37F008008131BF = {
			isa = PBXGroup;
			children = (
				AD96B92C1F37F008008131BF /* Hitch */,
				AD96B92B1F37F008008131BF /* Products */,
				ADD37EFC1F38D05400285F63 /* Frameworks */,
				A5589B26C10355EAD46093C4 /* Pods */,
			);
			sourceTree = "<group>";
		};
		AD96B92B1F37F008008131BF /* Products */ = {
			isa = PBXGroup;
			children = (
				AD96B92A1F37F008008131BF /* Hitch.app */,
			);
			name = Products;
			sourceTree = "<group>";
		};
		AD96B92C1F37F008008131BF /* Hitch */ = {
			isa = PBXGroup;
			children = (
				ADE8FBB91F435906000D20F9 /* Podfile */,
				ADD37EFF1F38D06100285F63 /* Hitch.entitlements */,
				ADF77D001F476943003DC39F /* encrypt */,
				ADF77CFF1F47692A003DC39F /* images */,
				AD96B9361F37F008008131BF /* Assets.xcassets */,
				AD96B9381F37F008008131BF /* LaunchScreen.storyboard */,
				AD96B93B1F37F008008131BF /* Info.plist */,
				AD96B93C1F37F008008131BF /* main.m */,
				AD96B92D1F37F008008131BF /* AppDelegate.h */,
				AD96B92E1F37F008008131BF /* AppDelegate.m */,
				ADD37EF81F38BCF900285F63 /* References.h */,
				ADD37EF91F38BCF900285F63 /* References.m */,
				AD96B9331F37F008008131BF /* Main.storyboard */,
				AD96B9431F37F04D008131BF /* feedView.h */,
				AD96B9441F37F04D008131BF /* feedView.m */,
				AD96B94B1F37F210008131BF /* feedCell.xib */,
				AD96B9491F37F210008131BF /* feedCell.h */,
				AD96B94A1F37F210008131BF /* feedCell.m */,
				ADD37F041F38D0CE00285F63 /* postView.h */,
				ADD37F051F38D0CE00285F63 /* postView.m */,
				ADD37F071F39237F00285F63 /* rideObject.h */,
				ADD37F081F39237F00285F63 /* rideObject.m */,
				ADC335361F393E260080642C /* rideView.h */,
				ADC335371F393E260080642C /* rideView.m */,
				ADC3353B1F3A61770080642C /* startView.h */,
				ADC3353C1F3A61770080642C /* startView.m */,
				ADE750671F3B6044001556AB /* inboxView.h */,
				ADE750681F3B6044001556AB /* inboxView.m */,
				ADE7506A1F3B6E93001556AB /* driveRequestsCell.h */,
				ADE7506B1F3B6E93001556AB /* driveRequestsCell.m */,
				ADE7506C1F3B6E93001556AB /* driveRequestsCell.xib */,
				ADDCC67A1F3CE75D0056C00F /* messageCell.h */,
				ADDCC67B1F3CE75D0056C00F /* messageCell.m */,
				ADDCC67C1F3CE75D0056C00F /* messageCell.xib */,
				ADF77D011F476974003DC39F /* historyView.h */,
				ADF77D021F476974003DC39F /* historyView.m */,
				AD99BF461F4B417E007F4297 /* transactionObject.h */,
				AD99BF471F4B417E007F4297 /* transactionObject.m */,
				AD99BF491F4B465A007F4297 /* transactionCell.h */,
				AD99BF4A1F4B465A007F4297 /* transactionCell.m */,
				AD99BF4B1F4B465A007F4297 /* transactionCell.xib */,
			);
			path = Hitch;
			sourceTree = "<group>";
		};
		ADD37EFC1F38D05400285F63 /* Frameworks */ = {
			isa = PBXGroup;
			children = (
				ADE8FBB71F435667000D20F9 /* PassKit.framework */,
				ADDCC6781F3CCBD70056C00F /* MobileCoreServices.framework */,
				ADD37F021F38D0A400285F63 /* CoreLocation.framework */,
				ADD37F001F38D06D00285F63 /* CloudKit.framework */,
				ADD37EFD1F38D05400285F63 /* MapKit.framework */,
				7066B3A24DD0F49CC780EAEA /* libPods-Hitch.a */,
			);
			name = Frameworks;
			sourceTree = "<group>";
		};
		ADF77CFF1F47692A003DC39F /* images */ = {
			isa = PBXGroup;
			children = (
				ADDCC67F1F3CFA430056C00F /* phone.png */,
				AD6CC8B31F42527E00FA1E54 /* share.png */,
				AD6CC8B41F42528400FA1E54 /* map.png */,
				AD6CC8B21F42527200FA1E54 /* trash.png */,
				ADC335391F3A17D90080642C /* user.jpg */,
				AD96B94E1F37F29B008131BF /* chevron-right.png */,
				ADE7506F1F3B7096001556AB /* add.png */,
				AD6CC8B11F42526800FA1E54 /* minus.png */,
				AD6CC8B01F42525E00FA1E54 /* success.png */,
				AD6CC8AF1F42525400FA1E54 /* failure.png */,
				AD6CC8BB1F425AA400FA1E54 /* refresh.png */,
			);
			path = images;
			sourceTree = "<group>";
		};
		ADF77D001F476943003DC39F /* encrypt */ = {
			isa = PBXGroup;
			children = (
				D43202811F466AD200F81B89 /* FBEncryptorAES.h */,
				D43202821F466AD200F81B89 /* FBEncryptorAES.m */,
				D432027F1F466AD200F81B89 /* NSData+Base64.h */,
				D43202801F466AD200F81B89 /* NSData+Base64.m */,
			);
			path = encrypt;
			sourceTree = "<group>";
		};
/* End PBXGroup section */

/* Begin PBXNativeTarget section */
		AD96B9291F37F008008131BF /* Hitch */ = {
			isa = PBXNativeTarget;
			buildConfigurationList = AD96B9401F37F008008131BF /* Build configuration list for PBXNativeTarget "Hitch" */;
			buildPhases = (
				7B9F1BE23A98BB2CB39B2040 /* [CP] Check Pods Manifest.lock */,
				AD96B9261F37F008008131BF /* Sources */,
				AD96B9271F37F008008131BF /* Frameworks */,
				AD96B9281F37F008008131BF /* Resources */,
				2145C88B6AB6893B73D9B2F4 /* [CP] Embed Pods Frameworks */,
				7DCA38EC3376A14D93A4076F /* [CP] Copy Pods Resources */,
			);
			buildRules = (
			);
			dependencies = (
			);
			name = Hitch;
			productName = Hitch;
			productReference = AD96B92A1F37F008008131BF /* Hitch.app */;
			productType = "com.apple.product-type.application";
		};
/* End PBXNativeTarget section */

/* Begin PBXProject section */
		AD96B9221F37F008008131BF /* Project object */ = {
			isa = PBXProject;
			attributes = {
				LastUpgradeCheck = 0900;
				ORGANIZATIONNAME = "fully toasted";
				TargetAttributes = {
					AD96B9291F37F008008131BF = {
						CreatedOnToolsVersion = 9.0;
						SystemCapabilities = {
							com.apple.ApplePay = {
								enabled = 1;
							};
							com.apple.Maps.iOS = {
								enabled = 1;
							};
							com.apple.Push = {
								enabled = 1;
							};
							com.apple.iCloud = {
								enabled = 1;
							};
						};
					};
				};
			};
			buildConfigurationList = AD96B9251F37F008008131BF /* Build configuration list for PBXProject "Hitch" */;
			compatibilityVersion = "Xcode 8.0";
			developmentRegion = en;
			hasScannedForEncodings = 0;
			knownRegions = (
				en,
				Base,
			);
			mainGroup = AD96B9211F37F008008131BF;
			productRefGroup = AD96B92B1F37F008008131BF /* Products */;
			projectDirPath = "";
			projectRoot = "";
			targets = (
				AD96B9291F37F008008131BF /* Hitch */,
			);
		};
/* End PBXProject section */

/* Begin PBXResourcesBuildPhase section */
		AD96B9281F37F008008131BF /* Resources */ = {
			isa = PBXResourcesBuildPhase;
			buildActionMask = 2147483647;
			files = (
				AD6CC8BC1F425C1B00FA1E54 /* refresh.png in Resources */,
				AD6CC8B51F42559700FA1E54 /* share.png in Resources */,
				AD6CC8B61F42559700FA1E54 /* map.png in Resources */,
				AD6CC8B71F42559700FA1E54 /* trash.png in Resources */,
				AD6CC8B81F42559700FA1E54 /* minus.png in Resources */,
				AD6CC8B91F42559700FA1E54 /* success.png in Resources */,
				AD6CC8BA1F42559700FA1E54 /* failure.png in Resources */,
				ADDCC6801F3CFB3F0056C00F /* phone.png in Resources */,
				ADE750701F3B72D7001556AB /* add.png in Resources */,
				ADE8FBBA1F435906000D20F9 /* Podfile in Resources */,
				AD99BF4D1F4B465A007F4297 /* transactionCell.xib in Resources */,
				ADC3353A1F3A17E30080642C /* user.jpg in Resources */,
				ADD37EFB1F38BFB800285F63 /* chevron-right.png in Resources */,
				AD96B94F1F37F47A008131BF /* feedView.h in Resources */,
				AD96B94D1F37F210008131BF /* feedCell.xib in Resources */,
				ADE7506E1F3B6E93001556AB /* driveRequestsCell.xib in Resources */,
				AD96B93A1F37F008008131BF /* LaunchScreen.storyboard in Resources */,
				AD96B9371F37F008008131BF /* Assets.xcassets in Resources */,
				AD96B9351F37F008008131BF /* Main.storyboard in Resources */,
				ADDCC67E1F3CE75D0056C00F /* messageCell.xib in Resources */,
			);
			runOnlyForDeploymentPostprocessing = 0;
		};
/* End PBXResourcesBuildPhase section */

/* Begin PBXShellScriptBuildPhase section */
		2145C88B6AB6893B73D9B2F4 /* [CP] Embed Pods Frameworks */ = {
			isa = PBXShellScriptBuildPhase;
			buildActionMask = 2147483647;
			files = (
			);
			inputPaths = (
			);
			name = "[CP] Embed Pods Frameworks";
			outputPaths = (
			);
			runOnlyForDeploymentPostprocessing = 0;
			shellPath = /bin/sh;
			shellScript = "\"${SRCROOT}/Pods/Target Support Files/Pods-Hitch/Pods-Hitch-frameworks.sh\"\n";
			showEnvVarsInLog = 0;
		};
		7B9F1BE23A98BB2CB39B2040 /* [CP] Check Pods Manifest.lock */ = {
			isa = PBXShellScriptBuildPhase;
			buildActionMask = 2147483647;
			files = (
			);
			inputPaths = (
				"${PODS_PODFILE_DIR_PATH}/Podfile.lock",
				"${PODS_ROOT}/Manifest.lock",
			);
			name = "[CP] Check Pods Manifest.lock";
			outputPaths = (
				"$(DERIVED_FILE_DIR)/Pods-Hitch-checkManifestLockResult.txt",
			);
			runOnlyForDeploymentPostprocessing = 0;
			shellPath = /bin/sh;
			shellScript = "diff \"${PODS_PODFILE_DIR_PATH}/Podfile.lock\" \"${PODS_ROOT}/Manifest.lock\" > /dev/null\nif [ $? != 0 ] ; then\n    # print error to STDERR\n    echo \"error: The sandbox is not in sync with the Podfile.lock. Run 'pod install' or update your CocoaPods installation.\" >&2\n    exit 1\nfi\n# This output is used by Xcode 'outputs' to avoid re-running this script phase.\necho \"SUCCESS\" > \"${SCRIPT_OUTPUT_FILE_0}\"\n";
			showEnvVarsInLog = 0;
		};
		7DCA38EC3376A14D93A4076F /* [CP] Copy Pods Resources */ = {
			isa = PBXShellScriptBuildPhase;
			buildActionMask = 2147483647;
			files = (
			);
			inputPaths = (
				"${SRCROOT}/Pods/Target Support Files/Pods-Hitch/Pods-Hitch-resources.sh",
				$PODS_CONFIGURATION_BUILD_DIR/Stripe/Stripe.bundle,
			);
			name = "[CP] Copy Pods Resources";
			outputPaths = (
				"${TARGET_BUILD_DIR}/${UNLOCALIZED_RESOURCES_FOLDER_PATH}",
			);
			runOnlyForDeploymentPostprocessing = 0;
			shellPath = /bin/sh;
			shellScript = "\"${SRCROOT}/Pods/Target Support Files/Pods-Hitch/Pods-Hitch-resources.sh\"\n";
			showEnvVarsInLog = 0;
		};
/* End PBXShellScriptBuildPhase section */

/* Begin PBXSourcesBuildPhase section */
		AD96B9261F37F008008131BF /* Sources */ = {
			isa = PBXSourcesBuildPhase;
			buildActionMask = 2147483647;
			files = (
				ADD37F091F39237F00285F63 /* rideObject.m in Sources */,
				AD96B9451F37F04D008131BF /* feedView.m in Sources */,
				ADC3353D1F3A61770080642C /* startView.m in Sources */,
				AD99BF481F4B417E007F4297 /* transactionObject.m in Sources */,
				ADE7506D1F3B6E93001556AB /* driveRequestsCell.m in Sources */,
				ADD37EFA1F38BCF900285F63 /* References.m in Sources */,
				ADDCC67D1F3CE75D0056C00F /* messageCell.m in Sources */,
				ADD37F061F38D0CE00285F63 /* postView.m in Sources */,
				ADC335381F393E260080642C /* rideView.m in Sources */,
				ADF77D031F476974003DC39F /* historyView.m in Sources */,
				AD96B94C1F37F210008131BF /* feedCell.m in Sources */,
				AD96B93D1F37F008008131BF /* main.m in Sources */,
				AD99BF4C1F4B465A007F4297 /* transactionCell.m in Sources */,
				AD96B92F1F37F008008131BF /* AppDelegate.m in Sources */,
				ADE750691F3B6044001556AB /* inboxView.m in Sources */,
			);
			runOnlyForDeploymentPostprocessing = 0;
		};
/* End PBXSourcesBuildPhase section */

/* Begin PBXVariantGroup section */
		AD96B9331F37F008008131BF /* Main.storyboard */ = {
			isa = PBXVariantGroup;
			children = (
				AD96B9341F37F008008131BF /* Base */,
			);
			name = Main.storyboard;
			sourceTree = "<group>";
		};
		AD96B9381F37F008008131BF /* LaunchScreen.storyboard */ = {
			isa = PBXVariantGroup;
			children = (
				AD96B9391F37F008008131BF /* Base */,
			);
			name = LaunchScreen.storyboard;
			sourceTree = "<group>";
		};
/* End PBXVariantGroup section */

/* Begin XCBuildConfiguration section */
		AD96B93E1F37F008008131BF /* Debug */ = {
			isa = XCBuildConfiguration;
			buildSettings = {
				ALWAYS_SEARCH_USER_PATHS = NO;
				CLANG_ANALYZER_NONNULL = YES;
				CLANG_ANALYZER_NUMBER_OBJECT_CONVERSION = YES_AGGRESSIVE;
				CLANG_CXX_LANGUAGE_STANDARD = "gnu++14";
				CLANG_CXX_LIBRARY = "libc++";
				CLANG_ENABLE_MODULES = YES;
				CLANG_ENABLE_OBJC_ARC = YES;
				CLANG_WARN_BLOCK_CAPTURE_AUTORELEASING = YES;
				CLANG_WARN_BOOL_CONVERSION = YES;
				CLANG_WARN_COMMA = YES;
				CLANG_WARN_CONSTANT_CONVERSION = YES;
				CLANG_WARN_DIRECT_OBJC_ISA_USAGE = YES_ERROR;
				CLANG_WARN_DOCUMENTATION_COMMENTS = YES;
				CLANG_WARN_EMPTY_BODY = YES;
				CLANG_WARN_ENUM_CONVERSION = YES;
				CLANG_WARN_INFINITE_RECURSION = YES;
				CLANG_WARN_INT_CONVERSION = YES;
				CLANG_WARN_NON_LITERAL_NULL_CONVERSION = YES;
				CLANG_WARN_OBJC_LITERAL_CONVERSION = YES;
				CLANG_WARN_OBJC_ROOT_CLASS = YES_ERROR;
				CLANG_WARN_RANGE_LOOP_ANALYSIS = YES;
				CLANG_WARN_STRICT_PROTOTYPES = YES;
				CLANG_WARN_SUSPICIOUS_MOVE = YES;
				CLANG_WARN_UNGUARDED_AVAILABILITY = YES_AGGRESSIVE;
				CLANG_WARN_UNREACHABLE_CODE = YES;
				CLANG_WARN__DUPLICATE_METHOD_MATCH = YES;
				CODE_SIGN_IDENTITY = "iPhone Developer";
				COPY_PHASE_STRIP = NO;
				DEBUG_INFORMATION_FORMAT = dwarf;
				ENABLE_STRICT_OBJC_MSGSEND = YES;
				ENABLE_TESTABILITY = YES;
				GCC_C_LANGUAGE_STANDARD = gnu11;
				GCC_DYNAMIC_NO_PIC = NO;
				GCC_NO_COMMON_BLOCKS = YES;
				GCC_OPTIMIZATION_LEVEL = 0;
				GCC_PREPROCESSOR_DEFINITIONS = (
					"DEBUG=1",
					"$(inherited)",
				);
				GCC_WARN_64_TO_32_BIT_CONVERSION = YES;
				GCC_WARN_ABOUT_RETURN_TYPE = YES_ERROR;
				GCC_WARN_UNDECLARED_SELECTOR = YES;
				GCC_WARN_UNINITIALIZED_AUTOS = YES_AGGRESSIVE;
				GCC_WARN_UNUSED_FUNCTION = YES;
				GCC_WARN_UNUSED_VARIABLE = YES;
				IPHONEOS_DEPLOYMENT_TARGET = 11.0;
				MTL_ENABLE_DEBUG_INFO = YES;
				ONLY_ACTIVE_ARCH = YES;
				SDKROOT = iphoneos;
			};
			name = Debug;
		};
		AD96B93F1F37F008008131BF /* Release */ = {
			isa = XCBuildConfiguration;
			buildSettings = {
				ALWAYS_SEARCH_USER_PATHS = NO;
				CLANG_ANALYZER_NONNULL = YES;
				CLANG_ANALYZER_NUMBER_OBJECT_CONVERSION = YES_AGGRESSIVE;
				CLANG_CXX_LANGUAGE_STANDARD = "gnu++14";
				CLANG_CXX_LIBRARY = "libc++";
				CLANG_ENABLE_MODULES = YES;
				CLANG_ENABLE_OBJC_ARC = YES;
				CLANG_WARN_BLOCK_CAPTURE_AUTORELEASING = YES;
				CLANG_WARN_BOOL_CONVERSION = YES;
				CLANG_WARN_COMMA = YES;
				CLANG_WARN_CONSTANT_CONVERSION = YES;
				CLANG_WARN_DIRECT_OBJC_ISA_USAGE = YES_ERROR;
				CLANG_WARN_DOCUMENTATION_COMMENTS = YES;
				CLANG_WARN_EMPTY_BODY = YES;
				CLANG_WARN_ENUM_CONVERSION = YES;
				CLANG_WARN_INFINITE_RECURSION = YES;
				CLANG_WARN_INT_CONVERSION = YES;
				CLANG_WARN_NON_LITERAL_NULL_CONVERSION = YES;
				CLANG_WARN_OBJC_LITERAL_CONVERSION = YES;
				CLANG_WARN_OBJC_ROOT_CLASS = YES_ERROR;
				CLANG_WARN_RANGE_LOOP_ANALYSIS = YES;
				CLANG_WARN_STRICT_PROTOTYPES = YES;
				CLANG_WARN_SUSPICIOUS_MOVE = YES;
				CLANG_WARN_UNGUARDED_AVAILABILITY = YES_AGGRESSIVE;
				CLANG_WARN_UNREACHABLE_CODE = YES;
				CLANG_WARN__DUPLICATE_METHOD_MATCH = YES;
				CODE_SIGN_IDENTITY = "iPhone Developer";
				COPY_PHASE_STRIP = NO;
				DEBUG_INFORMATION_FORMAT = "dwarf-with-dsym";
				ENABLE_NS_ASSERTIONS = NO;
				ENABLE_STRICT_OBJC_MSGSEND = YES;
				GCC_C_LANGUAGE_STANDARD = gnu11;
				GCC_NO_COMMON_BLOCKS = YES;
				GCC_WARN_64_TO_32_BIT_CONVERSION = YES;
				GCC_WARN_ABOUT_RETURN_TYPE = YES_ERROR;
				GCC_WARN_UNDECLARED_SELECTOR = YES;
				GCC_WARN_UNINITIALIZED_AUTOS = YES_AGGRESSIVE;
				GCC_WARN_UNUSED_FUNCTION = YES;
				GCC_WARN_UNUSED_VARIABLE = YES;
				IPHONEOS_DEPLOYMENT_TARGET = 11.0;
				MTL_ENABLE_DEBUG_INFO = NO;
				SDKROOT = iphoneos;
				VALIDATE_PRODUCT = YES;
			};
			name = Release;
		};
		AD96B9411F37F008008131BF /* Debug */ = {
			isa = XCBuildConfiguration;
			baseConfigurationReference = 440C3CFEDCE86FC396D07452 /* Pods-Hitch.debug.xcconfig */;
			buildSettings = {
				ASSETCATALOG_COMPILER_APPICON_NAME = AppIcon;
				CODE_SIGN_ENTITLEMENTS = Hitch/Hitch.entitlements;
				DEVELOPMENT_TEAM = UD5W2M958Y;
				INFOPLIST_FILE = Hitch/Info.plist;
				LD_RUNPATH_SEARCH_PATHS = "$(inherited) @executable_path/Frameworks";
				PRODUCT_BUNDLE_IDENTIFIER = com.fullytoasted.Hitch;
				PRODUCT_NAME = "$(TARGET_NAME)";
				TARGETED_DEVICE_FAMILY = "1,2";
			};
			name = Debug;
		};
		AD96B9421F37F008008131BF /* Release */ = {
			isa = XCBuildConfiguration;
			baseConfigurationReference = FE5E04B2759573621EBE3E8F /* Pods-Hitch.release.xcconfig */;
			buildSettings = {
				ASSETCATALOG_COMPILER_APPICON_NAME = AppIcon;
				CODE_SIGN_ENTITLEMENTS = Hitch/Hitch.entitlements;
				DEVELOPMENT_TEAM = UD5W2M958Y;
				INFOPLIST_FILE = Hitch/Info.plist;
				LD_RUNPATH_SEARCH_PATHS = "$(inherited) @executable_path/Frameworks";
				PRODUCT_BUNDLE_IDENTIFIER = com.fullytoasted.Hitch;
				PRODUCT_NAME = "$(TARGET_NAME)";
				TARGETED_DEVICE_FAMILY = "1,2";
			};
			name = Release;
		};
/* End XCBuildConfiguration section */

/* Begin XCConfigurationList section */
		AD96B9251F37F008008131BF /* Build configuration list for PBXProject "Hitch" */ = {
			isa = XCConfigurationList;
			buildConfigurations = (
				AD96B93E1F37F008008131BF /* Debug */,
				AD96B93F1F37F008008131BF /* Release */,
			);
			defaultConfigurationIsVisible = 0;
			defaultConfigurationName = Release;
		};
		AD96B9401F37F008008131BF /* Build configuration list for PBXNativeTarget "Hitch" */ = {
			isa = XCConfigurationList;
			buildConfigurations = (
				AD96B9411F37F008008131BF /* Debug */,
				AD96B9421F37F008008131BF /* Release */,
			);
			defaultConfigurationIsVisible = 0;
			defaultConfigurationName = Release;
		};
/* End XCConfigurationList section */
	};
	rootObject = AD96B9221F37F008008131BF /* Project object */;
}
